
Microsoft Visual Studio Solution File, Format Version 12.00
# Visual Studio Version 16
VisualStudioVersion = 16.0.31702.278
MinimumVisualStudioVersion = 10.0.40219.1
Project("{9A19103F-16F7-4668-BE54-9A1E7A4F7556}") = "pz_5", "pz_5\pz_5.csproj", "{E1E2587E-9821-4556-B4C4-3660D02D98C5}"
EndProject
Project("{9A19103F-16F7-4668-BE54-9A1E7A4F7556}") = "pz_6", "pz_6\pz_6.csproj", "{EFBAED01-9AFC-451C-B2A1-FFE96DAFA104}"
EndProject
Project("{9A19103F-16F7-4668-BE54-9A1E7A4F7556}") = "pz_8", "pz_8\pz_8.csproj", "{2C177B86-E8FA-4742-9F62-DAE23DD3EE58}"
EndProject
Project("{9A19103F-16F7-4668-BE54-9A1E7A4F7556}") = "pz_9", "pz_9\pz_9.csproj", "{9F022D16-AA52-476D-A8FF-C90F75DF7406}"
EndProject
Project("{9A19103F-16F7-4668-BE54-9A1E7A4F7556}") = "pz_10", "pz_10\pz_10.csproj", "{B2CA4712-DE32-427A-B923-F86D64F58971}"
EndProject
Project("{9A19103F-16F7-4668-BE54-9A1E7A4F7556}") = "pz_14", "pz_14\pz_14.csproj", "{89C39640-BFFD-4A43-A7FF-96E620050DFA}"
EndProject
Project("{9A19103F-16F7-4668-BE54-9A1E7A4F7556}") = "PZ_Последние", "PZ_Последние\PZ_Последние.csproj", "{F1B51F32-3E53-42AB-AD25-8570CB8145E2}"
EndProject
Project("{9A19103F-16F7-4668-BE54-9A1E7A4F7556}") = "pz 2.3", "pz 2.3\pz 2.3.csproj", "{DCCD3569-8B70-415C-AFE8-53D8D7E5A875}"
EndProject
Global
	GlobalSection(SolutionConfigurationPlatforms) = preSolution
		Debug|Any CPU = Debug|Any CPU
		Release|Any CPU = Release|Any CPU
	EndGlobalSection
	GlobalSection(ProjectConfigurationPlatforms) = postSolution
		{E1E2587E-9821-4556-B4C4-3660D02D98C5}.Debug|Any CPU.ActiveCfg = Debug|Any CPU
		{E1E2587E-9821-4556-B4C4-3660D02D98C5}.Debug|Any CPU.Build.0 = Debug|Any CPU
		{E1E2587E-9821-4556-B4C4-3660D02D98C5}.Release|Any CPU.ActiveCfg = Release|Any CPU
		{E1E2587E-9821-4556-B4C4-3660D02D98C5}.Release|Any CPU.Build.0 = Release|Any CPU
		{EFBAED01-9AFC-451C-B2A1-FFE96DAFA104}.Debug|Any CPU.ActiveCfg = Debug|Any CPU
		{EFBAED01-9AFC-451C-B2A1-FFE96DAFA104}.Debug|Any CPU.Build.0 = Debug|Any CPU
		{EFBAED01-9AFC-451C-B2A1-FFE96DAFA104}.Release|Any CPU.ActiveCfg = Release|Any CPU
		{EFBAED01-9AFC-451C-B2A1-FFE96DAFA104}.Release|Any CPU.Build.0 = Release|Any CPU
		{2C177B86-E8FA-4742-9F62-DAE23DD3EE58}.Debug|Any CPU.ActiveCfg = Debug|Any CPU
		{2C177B86-E8FA-4742-9F62-DAE23DD3EE58}.Debug|Any CPU.Build.0 = Debug|Any CPU
		{2C177B86-E8FA-4742-9F62-DAE23DD3EE58}.Release|Any CPU.ActiveCfg = Release|Any CPU
		{2C177B86-E8FA-4742-9F62-DAE23DD3EE58}.Release|Any CPU.Build.0 = Release|Any CPU
		{9F022D16-AA52-476D-A8FF-C90F75DF7406}.Debug|Any CPU.ActiveCfg = Debug|Any CPU
		{9F022D16-AA52-476D-A8FF-C90F75DF7406}.Debug|Any CPU.Build.0 = Debug|Any CPU
		{9F022D16-AA52-476D-A8FF-C90F75DF7406}.Release|Any CPU.ActiveCfg = Release|Any CPU
		{9F022D16-AA52-476D-A8FF-C90F75DF7406}.Release|Any CPU.Build.0 = Release|Any CPU
		{B2CA4712-DE32-427A-B923-F86D64F58971}.Debug|Any CPU.ActiveCfg = Debug|Any CPU
		{B2CA4712-DE32-427A-B923-F86D64F58971}.Debug|Any CPU.Build.0 = Debug|Any CPU
		{B2CA4712-DE32-427A-B923-F86D64F58971}.Release|Any CPU.ActiveCfg = Release|Any CPU
		{B2CA4712-DE32-427A-B923-F86D64F58971}.Release|Any CPU.Build.0 = Release|Any CPU
		{89C39640-BFFD-4A43-A7FF-96E620050DFA}.Debug|Any CPU.ActiveCfg = Debug|Any CPU
		{89C39640-BFFD-4A43-A7FF-96E620050DFA}.Debug|Any CPU.Build.0 = Debug|Any CPU
		{89C39640-BFFD-4A43-A7FF-96E620050DFA}.Release|Any CPU.ActiveCfg = Release|Any CPU
		{89C39640-BFFD-4A43-A7FF-96E620050DFA}.Release|Any CPU.Build.0 = Release|Any CPU
		{F1B51F32-3E53-42AB-AD25-8570CB8145E2}.Debug|Any CPU.ActiveCfg = Debug|Any CPU
		{F1B51F32-3E53-42AB-AD25-8570CB8145E2}.Debug|Any CPU.Build.0 = Debug|Any CPU
		{F1B51F32-3E53-42AB-AD25-8570CB8145E2}.Release|Any CPU.ActiveCfg = Release|Any CPU
		{F1B51F32-3E53-42AB-AD25-8570CB8145E2}.Release|Any CPU.Build.0 = Release|Any CPU
		{DCCD3569-8B70-415C-AFE8-53D8D7E5A875}.Debug|Any CPU.ActiveCfg = Debug|Any CPU
		{DCCD3569-8B70-415C-AFE8-53D8D7E5A875}.Debug|Any CPU.Build.0 = Debug|Any CPU
		{DCCD3569-8B70-415C-AFE8-53D8D7E5A875}.Release|Any CPU.ActiveCfg = Release|Any CPU
		{DCCD3569-8B70-415C-AFE8-53D8D7E5A875}.Release|Any CPU.Build.0 = Release|Any CPU
	EndGlobalSection
	GlobalSection(SolutionProperties) = preSolution
		HideSolutionNode = FALSE
	EndGlobalSection
	GlobalSection(ExtensibilityGlobals) = postSolution
		SolutionGuid = {CBC0CF53-000C-4F33-94FC-9553E8E3862C}
	EndGlobalSection
EndGlobal
